// !$*UTF8*$!
{
	archiveVersion = 1;
	classes = {
	};
	objectVersion = 56;
	objects = {

/* Begin PBXBuildFile section */
		7B8810332BFCA10900D82F0E /* WebSocketManager.swift in Sources */ = {isa = PBXBuildFile; fileRef = 7B8810322BFCA10900D82F0E /* WebSocketManager.swift */; };
		7B8810352BFCA27E00D82F0E /* NetworkManager.swift in Sources */ = {isa = PBXBuildFile; fileRef = 7B8810342BFCA27E00D82F0E /* NetworkManager.swift */; };
		7B8810392BFCA30000D82F0E /* LaunchScreen.swift in Sources */ = {isa = PBXBuildFile; fileRef = 7B8810382BFCA30000D82F0E /* LaunchScreen.swift */; };
		7B88103C2BFCA31400D82F0E /* HomeScreen.swift in Sources */ = {isa = PBXBuildFile; fileRef = 7B88103B2BFCA31400D82F0E /* HomeScreen.swift */; };
		7B88103F2BFCA4F500D82F0E /* APIUrl.swift in Sources */ = {isa = PBXBuildFile; fileRef = 7B88103E2BFCA4F500D82F0E /* APIUrl.swift */; };
		7B8810422BFCA6EE00D82F0E /* Starscream in Frameworks */ = {isa = PBXBuildFile; productRef = 7B8810412BFCA6EE00D82F0E /* Starscream */; };
		7B8810452BFCA6FD00D82F0E /* Alamofire in Frameworks */ = {isa = PBXBuildFile; productRef = 7B8810442BFCA6FD00D82F0E /* Alamofire */; };
		7B88104A2BFCB14E00D82F0E /* TargetType.swift in Sources */ = {isa = PBXBuildFile; fileRef = 7B8810492BFCB14E00D82F0E /* TargetType.swift */; };
		7B88104C2BFCB28500D82F0E /* UpbitRouter.swift in Sources */ = {isa = PBXBuildFile; fileRef = 7B88104B2BFCB28500D82F0E /* UpbitRouter.swift */; };
		7B88104E2BFCBB7E00D82F0E /* HTTPMethod.swift in Sources */ = {isa = PBXBuildFile; fileRef = 7B88104D2BFCBB7E00D82F0E /* HTTPMethod.swift */; };
		7B8810512BFCC00700D82F0E /* LaunchViewModel.swift in Sources */ = {isa = PBXBuildFile; fileRef = 7B8810502BFCC00700D82F0E /* LaunchViewModel.swift */; };
		7B8810532BFCC0A800D82F0E /* MarketCodeModel.swift in Sources */ = {isa = PBXBuildFile; fileRef = 7B8810522BFCC0A800D82F0E /* MarketCodeModel.swift */; };
		7BFDE8E02BF4E39B00F46241 /* CryptoCoinMarketApp.swift in Sources */ = {isa = PBXBuildFile; fileRef = 7BFDE8DF2BF4E39B00F46241 /* CryptoCoinMarketApp.swift */; };
		7BFDE8E42BF4E39E00F46241 /* Assets.xcassets in Resources */ = {isa = PBXBuildFile; fileRef = 7BFDE8E32BF4E39E00F46241 /* Assets.xcassets */; };
		7BFDE8E72BF4E39E00F46241 /* Preview Assets.xcassets in Resources */ = {isa = PBXBuildFile; fileRef = 7BFDE8E62BF4E39E00F46241 /* Preview Assets.xcassets */; };
		7BFDE8EE2BF4E3CF00F46241 /* .gitignore in Resources */ = {isa = PBXBuildFile; fileRef = 7BFDE8ED2BF4E3CF00F46241 /* .gitignore */; };
/* End PBXBuildFile section */

/* Begin PBXFileReference section */
		7B8810322BFCA10900D82F0E /* WebSocketManager.swift */ = {isa = PBXFileReference; lastKnownFileType = sourcecode.swift; path = WebSocketManager.swift; sourceTree = "<group>"; };
		7B8810342BFCA27E00D82F0E /* NetworkManager.swift */ = {isa = PBXFileReference; lastKnownFileType = sourcecode.swift; path = NetworkManager.swift; sourceTree = "<group>"; };
		7B8810382BFCA30000D82F0E /* LaunchScreen.swift */ = {isa = PBXFileReference; lastKnownFileType = sourcecode.swift; path = LaunchScreen.swift; sourceTree = "<group>"; };
		7B88103B2BFCA31400D82F0E /* HomeScreen.swift */ = {isa = PBXFileReference; lastKnownFileType = sourcecode.swift; path = HomeScreen.swift; sourceTree = "<group>"; };
		7B88103E2BFCA4F500D82F0E /* APIUrl.swift */ = {isa = PBXFileReference; lastKnownFileType = sourcecode.swift; path = APIUrl.swift; sourceTree = "<group>"; };
		7B8810492BFCB14E00D82F0E /* TargetType.swift */ = {isa = PBXFileReference; lastKnownFileType = sourcecode.swift; path = TargetType.swift; sourceTree = "<group>"; };
		7B88104B2BFCB28500D82F0E /* UpbitRouter.swift */ = {isa = PBXFileReference; lastKnownFileType = sourcecode.swift; path = UpbitRouter.swift; sourceTree = "<group>"; };
		7B88104D2BFCBB7E00D82F0E /* HTTPMethod.swift */ = {isa = PBXFileReference; lastKnownFileType = sourcecode.swift; path = HTTPMethod.swift; sourceTree = "<group>"; };
		7B8810502BFCC00700D82F0E /* LaunchViewModel.swift */ = {isa = PBXFileReference; lastKnownFileType = sourcecode.swift; path = LaunchViewModel.swift; sourceTree = "<group>"; };
		7B8810522BFCC0A800D82F0E /* MarketCodeModel.swift */ = {isa = PBXFileReference; lastKnownFileType = sourcecode.swift; path = MarketCodeModel.swift; sourceTree = "<group>"; };
		7BFDE8DC2BF4E39B00F46241 /* CryptoCoinMarket.app */ = {isa = PBXFileReference; explicitFileType = wrapper.application; includeInIndex = 0; path = CryptoCoinMarket.app; sourceTree = BUILT_PRODUCTS_DIR; };
		7BFDE8DF2BF4E39B00F46241 /* CryptoCoinMarketApp.swift */ = {isa = PBXFileReference; lastKnownFileType = sourcecode.swift; path = CryptoCoinMarketApp.swift; sourceTree = "<group>"; };
		7BFDE8E32BF4E39E00F46241 /* Assets.xcassets */ = {isa = PBXFileReference; lastKnownFileType = folder.assetcatalog; path = Assets.xcassets; sourceTree = "<group>"; };
		7BFDE8E62BF4E39E00F46241 /* Preview Assets.xcassets */ = {isa = PBXFileReference; lastKnownFileType = folder.assetcatalog; path = "Preview Assets.xcassets"; sourceTree = "<group>"; };
		7BFDE8ED2BF4E3CF00F46241 /* .gitignore */ = {isa = PBXFileReference; lastKnownFileType = text; path = .gitignore; sourceTree = "<group>"; };
/* End PBXFileReference section */

/* Begin PBXFrameworksBuildPhase section */
		7BFDE8D92BF4E39B00F46241 /* Frameworks */ = {
			isa = PBXFrameworksBuildPhase;
			buildActionMask = 2147483647;
			files = (
				7B8810422BFCA6EE00D82F0E /* Starscream in Frameworks */,
				7B8810452BFCA6FD00D82F0E /* Alamofire in Frameworks */,
			);
			runOnlyForDeploymentPostprocessing = 0;
		};
/* End PBXFrameworksBuildPhase section */

/* Begin PBXGroup section */
		7B8810302BFCA05400D82F0E /* Socket */ = {
			isa = PBXGroup;
			children = (
				7B8810322BFCA10900D82F0E /* WebSocketManager.swift */,
			);
			path = Socket;
			sourceTree = "<group>";
		};
		7B8810312BFCA05B00D82F0E /* Network */ = {
			isa = PBXGroup;
			children = (
				7B8810342BFCA27E00D82F0E /* NetworkManager.swift */,
				7B88104D2BFCBB7E00D82F0E /* HTTPMethod.swift */,
			);
			path = Network;
			sourceTree = "<group>";
		};
		7B8810362BFCA2A200D82F0E /* Screen */ = {
			isa = PBXGroup;
			children = (
				7B88103A2BFCA30900D82F0E /* Home */,
				7B8810372BFCA2B800D82F0E /* Launch */,
			);
			path = Screen;
			sourceTree = "<group>";
		};
		7B8810372BFCA2B800D82F0E /* Launch */ = {
			isa = PBXGroup;
			children = (
				7B8810382BFCA30000D82F0E /* LaunchScreen.swift */,
			);
			path = Launch;
			sourceTree = "<group>";
		};
		7B88103A2BFCA30900D82F0E /* Home */ = {
			isa = PBXGroup;
			children = (
				7B88103B2BFCA31400D82F0E /* HomeScreen.swift */,
			);
			path = Home;
			sourceTree = "<group>";
		};
		7B88103D2BFCA4DF00D82F0E /* API */ = {
			isa = PBXGroup;
			children = (
				7B88103E2BFCA4F500D82F0E /* APIUrl.swift */,
			);
			path = API;
			sourceTree = "<group>";
		};
		7B8810462BFCAFDC00D82F0E /* Model */ = {
			isa = PBXGroup;
			children = (
				7B8810522BFCC0A800D82F0E /* MarketCodeModel.swift */,
			);
			path = Model;
			sourceTree = "<group>";
		};
		7B8810472BFCB10300D82F0E /* Protocol */ = {
			isa = PBXGroup;
			children = (
				7B8810492BFCB14E00D82F0E /* TargetType.swift */,
			);
			path = Protocol;
			sourceTree = "<group>";
		};
		7B8810482BFCB10A00D82F0E /* Router */ = {
			isa = PBXGroup;
			children = (
				7B88104B2BFCB28500D82F0E /* UpbitRouter.swift */,
			);
			path = Router;
			sourceTree = "<group>";
		};
		7B88104F2BFCBFBB00D82F0E /* ViewModel */ = {
			isa = PBXGroup;
			children = (
				7B8810502BFCC00700D82F0E /* LaunchViewModel.swift */,
			);
			path = ViewModel;
			sourceTree = "<group>";
		};
		7BFDE8D32BF4E39B00F46241 = {
			isa = PBXGroup;
			children = (
				7BFDE8ED2BF4E3CF00F46241 /* .gitignore */,
				7BFDE8DE2BF4E39B00F46241 /* CryptoCoinMarket */,
				7BFDE8DD2BF4E39B00F46241 /* Products */,
			);
			sourceTree = "<group>";
		};
		7BFDE8DD2BF4E39B00F46241 /* Products */ = {
			isa = PBXGroup;
			children = (
				7BFDE8DC2BF4E39B00F46241 /* CryptoCoinMarket.app */,
			);
			name = Products;
			sourceTree = "<group>";
		};
		7BFDE8DE2BF4E39B00F46241 /* CryptoCoinMarket */ = {
			isa = PBXGroup;
			children = (
				7B8810482BFCB10A00D82F0E /* Router */,
				7B8810472BFCB10300D82F0E /* Protocol */,
				7B8810462BFCAFDC00D82F0E /* Model */,
				7B88104F2BFCBFBB00D82F0E /* ViewModel */,
				7B88103D2BFCA4DF00D82F0E /* API */,
				7B8810312BFCA05B00D82F0E /* Network */,
				7B8810302BFCA05400D82F0E /* Socket */,
				7B8810362BFCA2A200D82F0E /* Screen */,
				7BFDE8DF2BF4E39B00F46241 /* CryptoCoinMarketApp.swift */,
				7BFDE8E32BF4E39E00F46241 /* Assets.xcassets */,
				7BFDE8E52BF4E39E00F46241 /* Preview Content */,
			);
			path = CryptoCoinMarket;
			sourceTree = "<group>";
		};
		7BFDE8E52BF4E39E00F46241 /* Preview Content */ = {
			isa = PBXGroup;
			children = (
				7BFDE8E62BF4E39E00F46241 /* Preview Assets.xcassets */,
			);
			path = "Preview Content";
			sourceTree = "<group>";
		};
/* End PBXGroup section */

/* Begin PBXNativeTarget section */
		7BFDE8DB2BF4E39B00F46241 /* CryptoCoinMarket */ = {
			isa = PBXNativeTarget;
			buildConfigurationList = 7BFDE8EA2BF4E39E00F46241 /* Build configuration list for PBXNativeTarget "CryptoCoinMarket" */;
			buildPhases = (
				7BFDE8D82BF4E39B00F46241 /* Sources */,
				7BFDE8D92BF4E39B00F46241 /* Frameworks */,
				7BFDE8DA2BF4E39B00F46241 /* Resources */,
			);
			buildRules = (
			);
			dependencies = (
			);
			name = CryptoCoinMarket;
			packageProductDependencies = (
				7B8810412BFCA6EE00D82F0E /* Starscream */,
				7B8810442BFCA6FD00D82F0E /* Alamofire */,
			);
			productName = CryptoCoinMarket;
			productReference = 7BFDE8DC2BF4E39B00F46241 /* CryptoCoinMarket.app */;
			productType = "com.apple.product-type.application";
		};
/* End PBXNativeTarget section */

/* Begin PBXProject section */
		7BFDE8D42BF4E39B00F46241 /* Project object */ = {
			isa = PBXProject;
			attributes = {
				BuildIndependentTargetsInParallel = 1;
				LastSwiftUpdateCheck = 1530;
				LastUpgradeCheck = 1530;
				TargetAttributes = {
					7BFDE8DB2BF4E39B00F46241 = {
						CreatedOnToolsVersion = 15.3;
					};
				};
			};
			buildConfigurationList = 7BFDE8D72BF4E39B00F46241 /* Build configuration list for PBXProject "CryptoCoinMarket" */;
			compatibilityVersion = "Xcode 14.0";
			developmentRegion = en;
			hasScannedForEncodings = 0;
			knownRegions = (
				en,
				Base,
			);
			mainGroup = 7BFDE8D32BF4E39B00F46241;
			packageReferences = (
				7B8810402BFCA6ED00D82F0E /* XCRemoteSwiftPackageReference "Starscream" */,
				7B8810432BFCA6FD00D82F0E /* XCRemoteSwiftPackageReference "Alamofire" */,
			);
			productRefGroup = 7BFDE8DD2BF4E39B00F46241 /* Products */;
			projectDirPath = "";
			projectRoot = "";
			targets = (
				7BFDE8DB2BF4E39B00F46241 /* CryptoCoinMarket */,
			);
		};
/* End PBXProject section */

/* Begin PBXResourcesBuildPhase section */
		7BFDE8DA2BF4E39B00F46241 /* Resources */ = {
			isa = PBXResourcesBuildPhase;
			buildActionMask = 2147483647;
			files = (
				7BFDE8E72BF4E39E00F46241 /* Preview Assets.xcassets in Resources */,
				7BFDE8EE2BF4E3CF00F46241 /* .gitignore in Resources */,
				7BFDE8E42BF4E39E00F46241 /* Assets.xcassets in Resources */,
			);
			runOnlyForDeploymentPostprocessing = 0;
		};
/* End PBXResourcesBuildPhase section */

/* Begin PBXSourcesBuildPhase section */
		7BFDE8D82BF4E39B00F46241 /* Sources */ = {
			isa = PBXSourcesBuildPhase;
			buildActionMask = 2147483647;
			files = (
				7B8810352BFCA27E00D82F0E /* NetworkManager.swift in Sources */,
				7B88103C2BFCA31400D82F0E /* HomeScreen.swift in Sources */,
				7B8810392BFCA30000D82F0E /* LaunchScreen.swift in Sources */,
				7B8810512BFCC00700D82F0E /* LaunchViewModel.swift in Sources */,
				7B88104C2BFCB28500D82F0E /* UpbitRouter.swift in Sources */,
				7B88104A2BFCB14E00D82F0E /* TargetType.swift in Sources */,
				7B8810332BFCA10900D82F0E /* WebSocketManager.swift in Sources */,
				7B88103F2BFCA4F500D82F0E /* APIUrl.swift in Sources */,
				7B88104E2BFCBB7E00D82F0E /* HTTPMethod.swift in Sources */,
				7BFDE8E02BF4E39B00F46241 /* CryptoCoinMarketApp.swift in Sources */,
				7B8810532BFCC0A800D82F0E /* MarketCodeModel.swift in Sources */,
			);
			runOnlyForDeploymentPostprocessing = 0;
		};
/* End PBXSourcesBuildPhase section */

/* Begin XCBuildConfiguration section */
		7BFDE8E82BF4E39E00F46241 /* Debug */ = {
			isa = XCBuildConfiguration;
			buildSettings = {
				ALWAYS_SEARCH_USER_PATHS = NO;
				ASSETCATALOG_COMPILER_GENERATE_SWIFT_ASSET_SYMBOL_EXTENSIONS = YES;
				CLANG_ANALYZER_NONNULL = YES;
				CLANG_ANALYZER_NUMBER_OBJECT_CONVERSION = YES_AGGRESSIVE;
				CLANG_CXX_LANGUAGE_STANDARD = "gnu++20";
				CLANG_ENABLE_MODULES = YES;
				CLANG_ENABLE_OBJC_ARC = YES;
				CLANG_ENABLE_OBJC_WEAK = YES;
				CLANG_WARN_BLOCK_CAPTURE_AUTORELEASING = YES;
				CLANG_WARN_BOOL_CONVERSION = YES;
				CLANG_WARN_COMMA = YES;
				CLANG_WARN_CONSTANT_CONVERSION = YES;
				CLANG_WARN_DEPRECATED_OBJC_IMPLEMENTATIONS = YES;
				CLANG_WARN_DIRECT_OBJC_ISA_USAGE = YES_ERROR;
				CLANG_WARN_DOCUMENTATION_COMMENTS = YES;
				CLANG_WARN_EMPTY_BODY = YES;
				CLANG_WARN_ENUM_CONVERSION = YES;
				CLANG_WARN_INFINITE_RECURSION = YES;
				CLANG_WARN_INT_CONVERSION = YES;
				CLANG_WARN_NON_LITERAL_NULL_CONVERSION = YES;
				CLANG_WARN_OBJC_IMPLICIT_RETAIN_SELF = YES;
				CLANG_WARN_OBJC_LITERAL_CONVERSION = YES;
				CLANG_WARN_OBJC_ROOT_CLASS = YES_ERROR;
				CLANG_WARN_QUOTED_INCLUDE_IN_FRAMEWORK_HEADER = YES;
				CLANG_WARN_RANGE_LOOP_ANALYSIS = YES;
				CLANG_WARN_STRICT_PROTOTYPES = YES;
				CLANG_WARN_SUSPICIOUS_MOVE = YES;
				CLANG_WARN_UNGUARDED_AVAILABILITY = YES_AGGRESSIVE;
				CLANG_WARN_UNREACHABLE_CODE = YES;
				CLANG_WARN__DUPLICATE_METHOD_MATCH = YES;
				COPY_PHASE_STRIP = NO;
				DEBUG_INFORMATION_FORMAT = dwarf;
				ENABLE_STRICT_OBJC_MSGSEND = YES;
				ENABLE_TESTABILITY = YES;
				ENABLE_USER_SCRIPT_SANDBOXING = YES;
				GCC_C_LANGUAGE_STANDARD = gnu17;
				GCC_DYNAMIC_NO_PIC = NO;
				GCC_NO_COMMON_BLOCKS = YES;
				GCC_OPTIMIZATION_LEVEL = 0;
				GCC_PREPROCESSOR_DEFINITIONS = (
					"DEBUG=1",
					"$(inherited)",
				);
				GCC_WARN_64_TO_32_BIT_CONVERSION = YES;
				GCC_WARN_ABOUT_RETURN_TYPE = YES_ERROR;
				GCC_WARN_UNDECLARED_SELECTOR = YES;
				GCC_WARN_UNINITIALIZED_AUTOS = YES_AGGRESSIVE;
				GCC_WARN_UNUSED_FUNCTION = YES;
				GCC_WARN_UNUSED_VARIABLE = YES;
				IPHONEOS_DEPLOYMENT_TARGET = 17.4;
				LOCALIZATION_PREFERS_STRING_CATALOGS = YES;
				MTL_ENABLE_DEBUG_INFO = INCLUDE_SOURCE;
				MTL_FAST_MATH = YES;
				ONLY_ACTIVE_ARCH = YES;
				SDKROOT = iphoneos;
				SWIFT_ACTIVE_COMPILATION_CONDITIONS = "DEBUG $(inherited)";
				SWIFT_OPTIMIZATION_LEVEL = "-Onone";
			};
			name = Debug;
		};
		7BFDE8E92BF4E39E00F46241 /* Release */ = {
			isa = XCBuildConfiguration;
			buildSettings = {
				ALWAYS_SEARCH_USER_PATHS = NO;
				ASSETCATALOG_COMPILER_GENERATE_SWIFT_ASSET_SYMBOL_EXTENSIONS = YES;
				CLANG_ANALYZER_NONNULL = YES;
				CLANG_ANALYZER_NUMBER_OBJECT_CONVERSION = YES_AGGRESSIVE;
				CLANG_CXX_LANGUAGE_STANDARD = "gnu++20";
				CLANG_ENABLE_MODULES = YES;
				CLANG_ENABLE_OBJC_ARC = YES;
				CLANG_ENABLE_OBJC_WEAK = YES;
				CLANG_WARN_BLOCK_CAPTURE_AUTORELEASING = YES;
				CLANG_WARN_BOOL_CONVERSION = YES;
				CLANG_WARN_COMMA = YES;
				CLANG_WARN_CONSTANT_CONVERSION = YES;
				CLANG_WARN_DEPRECATED_OBJC_IMPLEMENTATIONS = YES;
				CLANG_WARN_DIRECT_OBJC_ISA_USAGE = YES_ERROR;
				CLANG_WARN_DOCUMENTATION_COMMENTS = YES;
				CLANG_WARN_EMPTY_BODY = YES;
				CLANG_WARN_ENUM_CONVERSION = YES;
				CLANG_WARN_INFINITE_RECURSION = YES;
				CLANG_WARN_INT_CONVERSION = YES;
				CLANG_WARN_NON_LITERAL_NULL_CONVERSION = YES;
				CLANG_WARN_OBJC_IMPLICIT_RETAIN_SELF = YES;
				CLANG_WARN_OBJC_LITERAL_CONVERSION = YES;
				CLANG_WARN_OBJC_ROOT_CLASS = YES_ERROR;
				CLANG_WARN_QUOTED_INCLUDE_IN_FRAMEWORK_HEADER = YES;
				CLANG_WARN_RANGE_LOOP_ANALYSIS = YES;
				CLANG_WARN_STRICT_PROTOTYPES = YES;
				CLANG_WARN_SUSPICIOUS_MOVE = YES;
				CLANG_WARN_UNGUARDED_AVAILABILITY = YES_AGGRESSIVE;
				CLANG_WARN_UNREACHABLE_CODE = YES;
				CLANG_WARN__DUPLICATE_METHOD_MATCH = YES;
				COPY_PHASE_STRIP = NO;
				DEBUG_INFORMATION_FORMAT = "dwarf-with-dsym";
				ENABLE_NS_ASSERTIONS = NO;
				ENABLE_STRICT_OBJC_MSGSEND = YES;
				ENABLE_USER_SCRIPT_SANDBOXING = YES;
				GCC_C_LANGUAGE_STANDARD = gnu17;
				GCC_NO_COMMON_BLOCKS = YES;
				GCC_WARN_64_TO_32_BIT_CONVERSION = YES;
				GCC_WARN_ABOUT_RETURN_TYPE = YES_ERROR;
				GCC_WARN_UNDECLARED_SELECTOR = YES;
				GCC_WARN_UNINITIALIZED_AUTOS = YES_AGGRESSIVE;
				GCC_WARN_UNUSED_FUNCTION = YES;
				GCC_WARN_UNUSED_VARIABLE = YES;
				IPHONEOS_DEPLOYMENT_TARGET = 17.4;
				LOCALIZATION_PREFERS_STRING_CATALOGS = YES;
				MTL_ENABLE_DEBUG_INFO = NO;
				MTL_FAST_MATH = YES;
				SDKROOT = iphoneos;
				SWIFT_COMPILATION_MODE = wholemodule;
				VALIDATE_PRODUCT = YES;
			};
			name = Release;
		};
		7BFDE8EB2BF4E39E00F46241 /* Debug */ = {
			isa = XCBuildConfiguration;
			buildSettings = {
				ASSETCATALOG_COMPILER_APPICON_NAME = AppIcon;
				ASSETCATALOG_COMPILER_GLOBAL_ACCENT_COLOR_NAME = AccentColor;
				CODE_SIGN_STYLE = Automatic;
				CURRENT_PROJECT_VERSION = 1;
				DEVELOPMENT_ASSET_PATHS = "\"CryptoCoinMarket/Preview Content\"";
				ENABLE_PREVIEWS = YES;
				GENERATE_INFOPLIST_FILE = YES;
				INFOPLIST_KEY_CFBundleDisplayName = "인생졸업";
				INFOPLIST_KEY_UIApplicationSceneManifest_Generation = YES;
				INFOPLIST_KEY_UIApplicationSupportsIndirectInputEvents = YES;
				INFOPLIST_KEY_UILaunchScreen_Generation = YES;
				INFOPLIST_KEY_UISupportedInterfaceOrientations_iPad = "UIInterfaceOrientationPortrait UIInterfaceOrientationPortraitUpsideDown UIInterfaceOrientationLandscapeLeft UIInterfaceOrientationLandscapeRight";
				INFOPLIST_KEY_UISupportedInterfaceOrientations_iPhone = "UIInterfaceOrientationPortrait UIInterfaceOrientationLandscapeLeft UIInterfaceOrientationLandscapeRight";
				IPHONEOS_DEPLOYMENT_TARGET = 16.0;
				LD_RUNPATH_SEARCH_PATHS = (
					"$(inherited)",
					"@executable_path/Frameworks",
				);
				MARKETING_VERSION = 1.0;
				PRODUCT_BUNDLE_IDENTIFIER = com.jess.CryptoCoinMarket;
				PRODUCT_NAME = "$(TARGET_NAME)";
				SWIFT_EMIT_LOC_STRINGS = YES;
				SWIFT_VERSION = 5.0;
				TARGETED_DEVICE_FAMILY = "1,2";
			};
			name = Debug;
		};
		7BFDE8EC2BF4E39E00F46241 /* Release */ = {
			isa = XCBuildConfiguration;
			buildSettings = {
				ASSETCATALOG_COMPILER_APPICON_NAME = AppIcon;
				ASSETCATALOG_COMPILER_GLOBAL_ACCENT_COLOR_NAME = AccentColor;
				CODE_SIGN_STYLE = Automatic;
				CURRENT_PROJECT_VERSION = 1;
				DEVELOPMENT_ASSET_PATHS = "\"CryptoCoinMarket/Preview Content\"";
				ENABLE_PREVIEWS = YES;
				GENERATE_INFOPLIST_FILE = YES;
				INFOPLIST_KEY_CFBundleDisplayName = "인생졸업";
				INFOPLIST_KEY_UIApplicationSceneManifest_Generation = YES;
				INFOPLIST_KEY_UIApplicationSupportsIndirectInputEvents = YES;
				INFOPLIST_KEY_UILaunchScreen_Generation = YES;
				INFOPLIST_KEY_UISupportedInterfaceOrientations_iPad = "UIInterfaceOrientationPortrait UIInterfaceOrientationPortraitUpsideDown UIInterfaceOrientationLandscapeLeft UIInterfaceOrientationLandscapeRight";
				INFOPLIST_KEY_UISupportedInterfaceOrientations_iPhone = "UIInterfaceOrientationPortrait UIInterfaceOrientationLandscapeLeft UIInterfaceOrientationLandscapeRight";
				IPHONEOS_DEPLOYMENT_TARGET = 16.0;
				LD_RUNPATH_SEARCH_PATHS = (
					"$(inherited)",
					"@executable_path/Frameworks",
				);
				MARKETING_VERSION = 1.0;
				PRODUCT_BUNDLE_IDENTIFIER = com.jess.CryptoCoinMarket;
				PRODUCT_NAME = "$(TARGET_NAME)";
				SWIFT_EMIT_LOC_STRINGS = YES;
				SWIFT_VERSION = 5.0;
				TARGETED_DEVICE_FAMILY = "1,2";
			};
			name = Release;
		};
/* End XCBuildConfiguration section */

/* Begin XCConfigurationList section */
		7BFDE8D72BF4E39B00F46241 /* Build configuration list for PBXProject "CryptoCoinMarket" */ = {
			isa = XCConfigurationList;
			buildConfigurations = (
				7BFDE8E82BF4E39E00F46241 /* Debug */,
				7BFDE8E92BF4E39E00F46241 /* Release */,
			);
			defaultConfigurationIsVisible = 0;
			defaultConfigurationName = Release;
		};
		7BFDE8EA2BF4E39E00F46241 /* Build configuration list for PBXNativeTarget "CryptoCoinMarket" */ = {
			isa = XCConfigurationList;
			buildConfigurations = (
				7BFDE8EB2BF4E39E00F46241 /* Debug */,
				7BFDE8EC2BF4E39E00F46241 /* Release */,
			);
			defaultConfigurationIsVisible = 0;
			defaultConfigurationName = Release;
		};
/* End XCConfigurationList section */

/* Begin XCRemoteSwiftPackageReference section */
		7B8810402BFCA6ED00D82F0E /* XCRemoteSwiftPackageReference "Starscream" */ = {
			isa = XCRemoteSwiftPackageReference;
			repositoryURL = "https://github.com/daltoniam/Starscream.git";
			requirement = {
				kind = upToNextMajorVersion;
				minimumVersion = 4.0.8;
			};
		};
		7B8810432BFCA6FD00D82F0E /* XCRemoteSwiftPackageReference "Alamofire" */ = {
			isa = XCRemoteSwiftPackageReference;
			repositoryURL = "https://github.com/Alamofire/Alamofire.git";
			requirement = {
				kind = upToNextMajorVersion;
				minimumVersion = 5.9.1;
			};
		};
/* End XCRemoteSwiftPackageReference section */

/* Begin XCSwiftPackageProductDependency section */
		7B8810412BFCA6EE00D82F0E /* Starscream */ = {
			isa = XCSwiftPackageProductDependency;
			package = 7B8810402BFCA6ED00D82F0E /* XCRemoteSwiftPackageReference "Starscream" */;
			productName = Starscream;
		};
		7B8810442BFCA6FD00D82F0E /* Alamofire */ = {
			isa = XCSwiftPackageProductDependency;
			package = 7B8810432BFCA6FD00D82F0E /* XCRemoteSwiftPackageReference "Alamofire" */;
			productName = Alamofire;
		};
/* End XCSwiftPackageProductDependency section */
	};
	rootObject = 7BFDE8D42BF4E39B00F46241 /* Project object */;
}
